
Microsoft Visual Studio Solution File, Format Version 12.00
# Visual Studio Version 16
VisualStudioVersion = 16.0.30517.126
MinimumVisualStudioVersion = 10.0.40219.1
Project("{FAE04EC0-301F-11D3-BF4B-00C04F79EFBC}") = "GamesLibraryApi2.0", "GamesLibraryApi2.0\GamesLibraryApi2.0.csproj", "{701A274B-CAE5-44AD-9BA5-FAFDD94A03EC}"
EndProject
Global
	GlobalSection(SolutionConfigurationPlatforms) = preSolution
		Debug|Any CPU = Debug|Any CPU
		Release|Any CPU = Release|Any CPU
	EndGlobalSection
	GlobalSection(ProjectConfigurationPlatforms) = postSolution
		{701A274B-CAE5-44AD-9BA5-FAFDD94A03EC}.Debug|Any CPU.ActiveCfg = Debug|Any CPU
		{701A274B-CAE5-44AD-9BA5-FAFDD94A03EC}.Debug|Any CPU.Build.0 = Debug|Any CPU
		{701A274B-CAE5-44AD-9BA5-FAFDD94A03EC}.Release|Any CPU.ActiveCfg = Release|Any CPU
		{701A274B-CAE5-44AD-9BA5-FAFDD94A03EC}.Release|Any CPU.Build.0 = Release|Any CPU
	EndGlobalSection
	GlobalSection(SolutionProperties) = preSolution
		HideSolutionNode = FALSE
	EndGlobalSection
	GlobalSection(ExtensibilityGlobals) = postSolution
		SolutionGuid = {2707A1E3-11AB-4CF3-8AB9-88295435A441}
	EndGlobalSection
EndGlobal
